<?xml version="1.0" encoding="utf-8"?>
<Project ToolsVersion="4.0" xmlns="http://schemas.microsoft.com/developer/msbuild/2003">
  <ItemGroup>
    <Filter Include="소스 파일">
      <UniqueIdentifier>{4FC737F1-C7A5-4376-A066-2A32D752A2FF}</UniqueIdentifier>
      <Extensions>cpp;c;cc;cxx;c++;cppm;ixx;def;odl;idl;hpj;bat;asm;asmx</Extensions>
    </Filter>
    <Filter Include="헤더 파일">
      <UniqueIdentifier>{93995380-89BD-4b04-88EB-625FBE52EBFB}</UniqueIdentifier>
      <Extensions>h;hh;hpp;hxx;h++;hm;inl;inc;ipp;xsd</Extensions>
    </Filter>
    <Filter Include="리소스 파일">
      <UniqueIdentifier>{67DA6AB6-F800-4c08-8B7A-83BB121AAD01}</UniqueIdentifier>
      <Extensions>rc;ico;cur;bmp;dlg;rc2;rct;bin;rgs;gif;jpg;jpeg;jpe;resx;tiff;tif;png;wav;mfcribbon-ms</Extensions>
    </Filter>
  </ItemGroup>
  <ItemGroup>
    <ClCompile Include="Day 1(기본 입출력, 사칙연산).cpp">
      <Filter>소스 파일</Filter>
    </ClCompile>
    <ClCompile Include="Day 2(조건문, 반복문).cpp">
      <Filter>소스 파일</Filter>
    </ClCompile>
    <ClCompile Include="Day 00.cpp">
      <Filter>소스 파일</Filter>
    </ClCompile>
    <ClCompile Include="Day 3(동적 배열 Vector).cpp">
      <Filter>소스 파일</Filter>
    </ClCompile>
    <ClCompile Include="Day 4(문자열과 범위 기반 for문).cpp">
      <Filter>소스 파일</Filter>
    </ClCompile>
    <ClCompile Include="Day 5(참조자(Reference)).cpp">
      <Filter>소스 파일</Filter>
    </ClCompile>
    <ClCompile Include="Day 6(구조체와 클래스 기초).cpp">
      <Filter>소스 파일</Filter>
    </ClCompile>
    <ClCompile Include="Day 7(상속).cpp">
      <Filter>소스 파일</Filter>
    </ClCompile>
    <ClCompile Include="Day 8(algorithm 라이브러리).cpp">
      <Filter>소스 파일</Filter>
    </ClCompile>
    <ClCompile Include="Day 9(동적 할당과 소멸자).cpp">
      <Filter>소스 파일</Filter>
    </ClCompile>
    <ClCompile Include="Day 10(map과 Key-Value 관리).cpp">
      <Filter>소스 파일</Filter>
    </ClCompile>
    <ClCompile Include="Day 11(실습 - 데이터 구조와 알고리즘 융합).cpp">
      <Filter>소스 파일</Filter>
    </ClCompile>
    <ClCompile Include="Day 12(복사 생성자와 Deep Copy).cpp">
      <Filter>소스 파일</Filter>
    </ClCompile>
    <ClCompile Include="Day 13(우측값 참조와 이동 생성자).cpp">
      <Filter>소스 파일</Filter>
    </ClCompile>
    <ClCompile Include="Day 14(순수 가상 함수와 추상 클래스).cpp">
      <Filter>소스 파일</Filter>
    </ClCompile>
    <ClCompile Include="Day 15(대입 연산자 오버로딩).cpp">
      <Filter>소스 파일</Filter>
    </ClCompile>
    <ClCompile Include="Day 16(템플릿(Template)).cpp">
      <Filter>소스 파일</Filter>
    </ClCompile>
    <ClCompile Include="Day 17(클래스 템플릿과 범용 컨테이너).cpp">
      <Filter>소스 파일</Filter>
    </ClCompile>
    <ClCompile Include="Day 18%28예외 처리와 Stack Unwinding%29.cpp">
      <Filter>소스 파일</Filter>
    </ClCompile>
    <ClCompile Include="Day 19(이동 대입 연산자).cpp">
      <Filter>소스 파일</Filter>
    </ClCompile>
    <ClCompile Include="Day 20(스마트 포인터).cpp">
      <Filter>소스 파일</Filter>
    </ClCompile>
  </ItemGroup>
</Project>