<?xml version="1.0" encoding="utf-8"?>
<Project ToolsVersion="4.0" xmlns="http://schemas.microsoft.com/developer/msbuild/2003">
  <ItemGroup>
    <Filter Include="소스 파일">
      <UniqueIdentifier>{4FC737F1-C7A5-4376-A066-2A32D752A2FF}</UniqueIdentifier>
      <Extensions>cpp;c;cc;cxx;c++;cppm;ixx;def;odl;idl;hpj;bat;asm;asmx</Extensions>
    </Filter>
    <Filter Include="헤더 파일">
      <UniqueIdentifier>{93995380-89BD-4b04-88EB-625FBE52EBFB}</UniqueIdentifier>
      <Extensions>h;hh;hpp;hxx;h++;hm;inl;inc;ipp;xsd</Extensions>
    </Filter>
    <Filter Include="리소스 파일">
      <UniqueIdentifier>{67DA6AB6-F800-4c08-8B7A-83BB121AAD01}</UniqueIdentifier>
      <Extensions>rc;ico;cur;bmp;dlg;rc2;rct;bin;rgs;gif;jpg;jpeg;jpe;resx;tiff;tif;png;wav;mfcribbon-ms</Extensions>
    </Filter>
  </ItemGroup>
  <ItemGroup>
    <ClCompile Include="Day 1(기본 입출력, 사칙연산).cpp">
      <Filter>소스 파일</Filter>
    </ClCompile>
    <ClCompile Include="Day 2(조건문, 반복문).cpp">
      <Filter>소스 파일</Filter>
    </ClCompile>
    <ClCompile Include="Day 00(empty form).cpp">
      <Filter>소스 파일</Filter>
    </ClCompile>
    <ClCompile Include="Day 3(동적 배열 Vector).cpp">
      <Filter>소스 파일</Filter>
    </ClCompile>
    <ClCompile Include="Day 4(문자열과 범위 기반 for문).cpp">
      <Filter>소스 파일</Filter>
    </ClCompile>
    <ClCompile Include="Day 5(참조자(Reference)).cpp">
      <Filter>소스 파일</Filter>
    </ClCompile>
    <ClCompile Include="Day 6(구조체와 클래스 기초).cpp">
      <Filter>소스 파일</Filter>
    </ClCompile>
    <ClCompile Include="Day 7(상속).cpp">
      <Filter>소스 파일</Filter>
    </ClCompile>
    <ClCompile Include="Day 8(algorithm 라이브러리).cpp">
      <Filter>소스 파일</Filter>
    </ClCompile>
  </ItemGroup>
</Project>