<?xml version="1.0" encoding="utf-8"?>
<Project ToolsVersion="4.0" xmlns="http://schemas.microsoft.com/developer/msbuild/2003">
  <ItemGroup>
    <Filter Include="소스 파일">
      <UniqueIdentifier>{4FC737F1-C7A5-4376-A066-2A32D752A2FF}</UniqueIdentifier>
      <Extensions>cpp;c;cc;cxx;c++;cppm;ixx;def;odl;idl;hpj;bat;asm;asmx</Extensions>
    </Filter>
    <Filter Include="헤더 파일">
      <UniqueIdentifier>{93995380-89BD-4b04-88EB-625FBE52EBFB}</UniqueIdentifier>
      <Extensions>h;hh;hpp;hxx;h++;hm;inl;inc;ipp;xsd</Extensions>
    </Filter>
    <Filter Include="리소스 파일">
      <UniqueIdentifier>{67DA6AB6-F800-4c08-8B7A-83BB121AAD01}</UniqueIdentifier>
      <Extensions>rc;ico;cur;bmp;dlg;rc2;rct;bin;rgs;gif;jpg;jpeg;jpe;resx;tiff;tif;png;wav;mfcribbon-ms</Extensions>
    </Filter>
  </ItemGroup>
  <ItemGroup>
    <ClCompile Include="Day 1(기본 입출력, 사칙연산).cpp">
      <Filter>소스 파일</Filter>
    </ClCompile>
    <ClCompile Include="Day 2(조건문, 반복문).cpp">
      <Filter>소스 파일</Filter>
    </ClCompile>
    <ClCompile Include="Day 00.cpp">
      <Filter>소스 파일</Filter>
    </ClCompile>
    <ClCompile Include="Day 3(동적 배열 Vector).cpp">
      <Filter>소스 파일</Filter>
    </ClCompile>
    <ClCompile Include="Day 4(문자열과 범위 기반 for문).cpp">
      <Filter>소스 파일</Filter>
    </ClCompile>
    <ClCompile Include="Day 5(참조자(Reference)).cpp">
      <Filter>소스 파일</Filter>
    </ClCompile>
    <ClCompile Include="Day 6(구조체와 클래스 기초).cpp">
      <Filter>소스 파일</Filter>
    </ClCompile>
    <ClCompile Include="Day 7(상속).cpp">
      <Filter>소스 파일</Filter>
    </ClCompile>
    <ClCompile Include="Day 8(algorithm 라이브러리).cpp">
      <Filter>소스 파일</Filter>
    </ClCompile>
    <ClCompile Include="Day 9(동적 할당과 소멸자).cpp">
      <Filter>소스 파일</Filter>
    </ClCompile>
    <ClCompile Include="Day 10(map과 Key-Value 관리).cpp">
      <Filter>소스 파일</Filter>
    </ClCompile>
    <ClCompile Include="Day 11(실습 - 데이터 구조와 알고리즘 융합).cpp">
      <Filter>소스 파일</Filter>
    </ClCompile>
    <ClCompile Include="Day 12(복사 생성자와 Deep Copy).cpp">
      <Filter>소스 파일</Filter>
    </ClCompile>
    <ClCompile Include="Day 13(우측값 참조와 이동 생성자).cpp">
      <Filter>소스 파일</Filter>
    </ClCompile>
    <ClCompile Include="Day 14(순수 가상 함수와 추상 클래스).cpp">
      <Filter>소스 파일</Filter>
    </ClCompile>
    <ClCompile Include="Day 15(대입 연산자 오버로딩).cpp">
      <Filter>소스 파일</Filter>
    </ClCompile>
    <ClCompile Include="Day 16(템플릿(Template)).cpp">
      <Filter>소스 파일</Filter>
    </ClCompile>
    <ClCompile Include="Day 17(클래스 템플릿과 범용 컨테이너).cpp">
      <Filter>소스 파일</Filter>
    </ClCompile>
    <ClCompile Include="Day 18%28예외 처리와 Stack Unwinding%29.cpp">
      <Filter>소스 파일</Filter>
    </ClCompile>
    <ClCompile Include="Day 19(이동 대입 연산자).cpp">
      <Filter>소스 파일</Filter>
    </ClCompile>
    <ClCompile Include="Day 20%28스마트 포인터 unique_ptr%29.cpp">
      <Filter>소스 파일</Filter>
    </ClCompile>
    <ClCompile Include="Day 21(공유형 스마트 포인터 shared_ptr).cpp">
      <Filter>소스 파일</Filter>
    </ClCompile>
    <ClCompile Include="Day 22(순환 참조의 해결책 weak_ptr).cpp">
      <Filter>소스 파일</Filter>
    </ClCompile>
    <ClCompile Include="Day 23%28이중 연결 리스트 list + Iterator%29.cpp">
      <Filter>소스 파일</Filter>
    </ClCompile>
    <ClCompile Include="Day 24%28map에서의 Iterator%29.cpp">
      <Filter>소스 파일</Filter>
    </ClCompile>
    <ClCompile Include="Day 25(unordered_map).cpp">
      <Filter>소스 파일</Filter>
    </ClCompile>
    <ClCompile Include="Day 26(static과 friend 키워드).cpp">
      <Filter>소스 파일</Filter>
    </ClCompile>
    <ClCompile Include="Day 27(사용자 정의 삽입 연산자 오버로딩).cpp">
      <Filter>소스 파일</Filter>
    </ClCompile>
    <ClCompile Include="Day 28(파일 입출력 스트림).cpp">
      <Filter>소스 파일</Filter>
    </ClCompile>
    <ClCompile Include="Day 29(extern C와 크로스 링킹).cpp">
      <Filter>소스 파일</Filter>
    </ClCompile>
    <ClCompile Include="Day 30(실습 - unordered_map을 통한 탐색).cpp">
      <Filter>소스 파일</Filter>
    </ClCompile>
    <ClCompile Include="Day 31(스택(stack)).cpp">
      <Filter>소스 파일</Filter>
    </ClCompile>
    <ClCompile Include="Day 32(큐(Queue)).cpp">
      <Filter>소스 파일</Filter>
    </ClCompile>
    <ClCompile Include="Day 33(우선순위 큐).cpp">
      <Filter>소스 파일</Filter>
    </ClCompile>
    <ClCompile Include="Day 34%28복습 - 동적 할당, 깊은 복사%29.cpp">
      <Filter>소스 파일</Filter>
    </ClCompile>
    <ClCompile Include="Day 35%28인덱스 접근, 출력, 결합 연산자 오버로딩%29.cpp">
      <Filter>소스 파일</Filter>
    </ClCompile>
    <ClCompile Include="Day 36(복습 - 상속 및 하위 클래스 동적 관리).cpp">
      <Filter>소스 파일</Filter>
    </ClCompile>
    <ClCompile Include="Day 37(실습 - 스마트 미디어 라이브러리 관리 시스템).cpp">
      <Filter>소스 파일</Filter>
    </ClCompile>
    <ClCompile Include="Day 38%28실습 - 이벤트 버스 및 에러 핸들러%29.cpp">
      <Filter>소스 파일</Filter>
    </ClCompile>
    <ClCompile Include="Day 39%28실습 - 파일 입출력 + 커스텀 예외%29.cpp">
      <Filter>소스 파일</Filter>
    </ClCompile>
    <ClCompile Include="Day 40(실습 - 스마트 포인터 기반 인벤토리).cpp">
      <Filter>소스 파일</Filter>
    </ClCompile>
    <ClCompile Include="Day 41(스레드(thread)).cpp">
      <Filter>소스 파일</Filter>
    </ClCompile>
    <ClCompile Include="Day 42(실습 - 41일차 개선, 조건 변수 기반 스레드 안전 작업 큐).cpp">
      <Filter>소스 파일</Filter>
    </ClCompile>
    <ClCompile Include="Day 43(실습 - 41-42일차 최종, 스레드 총괄 관리 클래스 구현).cpp">
      <Filter>소스 파일</Filter>
    </ClCompile>
    <ClCompile Include="Day 44(비동기 작업의 결과 받아오기).cpp">
      <Filter>소스 파일</Filter>
    </ClCompile>
    <ClCompile Include="Day 45(람다 표현식 집중 공략).cpp">
      <Filter>소스 파일</Filter>
    </ClCompile>
    <ClCompile Include="Day 46(가변 인자 비동기 실행 함수 구현해보기).cpp">
      <Filter>소스 파일</Filter>
    </ClCompile>
    <ClCompile Include="Day 47(진짜 범용 ThreadPool).cpp">
      <Filter>소스 파일</Filter>
    </ClCompile>
  </ItemGroup>
</Project>